
Microsoft Visual Studio Solution File, Format Version 12.00
# Visual Studio 15
VisualStudioVersion = 15.0.27130.2010
MinimumVisualStudioVersion = 15.0.26124.0
Project("{9A19103F-16F7-4668-BE54-9A1E7A4F7556}") = "Website", "Website\Website.csproj", "{736850BB-51F8-4D92-9CFB-92C7AAC58C58}"
EndProject
Project("{9A19103F-16F7-4668-BE54-9A1E7A4F7556}") = "Website.Tests", "Website.Tests\Website.Tests.csproj", "{1880CF65-632B-44DF-830E-87DAAC23BFEA}"
EndProject
Global
	GlobalSection(SolutionConfigurationPlatforms) = preSolution
		Debug|Any CPU = Debug|Any CPU
		Debug|x64 = Debug|x64
		Debug|x86 = Debug|x86
		Release|Any CPU = Release|Any CPU
		Release|x64 = Release|x64
		Release|x86 = Release|x86
	EndGlobalSection
	GlobalSection(ProjectConfigurationPlatforms) = postSolution
		{736850BB-51F8-4D92-9CFB-92C7AAC58C58}.Debug|Any CPU.ActiveCfg = Debug|Any CPU
		{736850BB-51F8-4D92-9CFB-92C7AAC58C58}.Debug|Any CPU.Build.0 = Debug|Any CPU
		{736850BB-51F8-4D92-9CFB-92C7AAC58C58}.Debug|x64.ActiveCfg = Debug|Any CPU
		{736850BB-51F8-4D92-9CFB-92C7AAC58C58}.Debug|x64.Build.0 = Debug|Any CPU
		{736850BB-51F8-4D92-9CFB-92C7AAC58C58}.Debug|x86.ActiveCfg = Debug|Any CPU
		{736850BB-51F8-4D92-9CFB-92C7AAC58C58}.Debug|x86.Build.0 = Debug|Any CPU
		{736850BB-51F8-4D92-9CFB-92C7AAC58C58}.Release|Any CPU.ActiveCfg = Release|Any CPU
		{736850BB-51F8-4D92-9CFB-92C7AAC58C58}.Release|Any CPU.Build.0 = Release|Any CPU
		{736850BB-51F8-4D92-9CFB-92C7AAC58C58}.Release|x64.ActiveCfg = Release|Any CPU
		{736850BB-51F8-4D92-9CFB-92C7AAC58C58}.Release|x64.Build.0 = Release|Any CPU
		{736850BB-51F8-4D92-9CFB-92C7AAC58C58}.Release|x86.ActiveCfg = Release|Any CPU
		{736850BB-51F8-4D92-9CFB-92C7AAC58C58}.Release|x86.Build.0 = Release|Any CPU
		{1880CF65-632B-44DF-830E-87DAAC23BFEA}.Debug|Any CPU.ActiveCfg = Debug|Any CPU
		{1880CF65-632B-44DF-830E-87DAAC23BFEA}.Debug|Any CPU.Build.0 = Debug|Any CPU
		{1880CF65-632B-44DF-830E-87DAAC23BFEA}.Debug|x64.ActiveCfg = Debug|Any CPU
		{1880CF65-632B-44DF-830E-87DAAC23BFEA}.Debug|x64.Build.0 = Debug|Any CPU
		{1880CF65-632B-44DF-830E-87DAAC23BFEA}.Debug|x86.ActiveCfg = Debug|Any CPU
		{1880CF65-632B-44DF-830E-87DAAC23BFEA}.Debug|x86.Build.0 = Debug|Any CPU
		{1880CF65-632B-44DF-830E-87DAAC23BFEA}.Release|Any CPU.ActiveCfg = Release|Any CPU
		{1880CF65-632B-44DF-830E-87DAAC23BFEA}.Release|Any CPU.Build.0 = Release|Any CPU
		{1880CF65-632B-44DF-830E-87DAAC23BFEA}.Release|x64.ActiveCfg = Release|Any CPU
		{1880CF65-632B-44DF-830E-87DAAC23BFEA}.Release|x64.Build.0 = Release|Any CPU
		{1880CF65-632B-44DF-830E-87DAAC23BFEA}.Release|x86.ActiveCfg = Release|Any CPU
		{1880CF65-632B-44DF-830E-87DAAC23BFEA}.Release|x86.Build.0 = Release|Any CPU
	EndGlobalSection
	GlobalSection(SolutionProperties) = preSolution
		HideSolutionNode = FALSE
	EndGlobalSection
	GlobalSection(ExtensibilityGlobals) = postSolution
		SolutionGuid = {6D73532A-E4C9-4DB3-8CC7-86ABA647F7A4}
	EndGlobalSection
EndGlobal
